// !$*UTF8*$!
{
	archiveVersion = 1;
	classes = {
	};
	objectVersion = 54;
	objects = {

/* Begin PBXBuildFile section */
		00E356F31AD99517003FC87E /* inventoryWiseProjectTests.m in Sources */ = {isa = PBXBuildFile; fileRef = 00E356F21AD99517003FC87E /* inventoryWiseProjectTests.m */; };
		01209A6334C64104BD67ACD0 /* Inter_24pt-Bold.ttf in Resources */ = {isa = PBXBuildFile; fileRef = 007DFB0FB59C4B5F9FC724AC /* Inter_24pt-Bold.ttf */; };
		04BF5D80B7294CF6BD7FB88A /* Inter_24pt-ExtraLight.ttf in Resources */ = {isa = PBXBuildFile; fileRef = EA7A119231194E809B20636B /* Inter_24pt-ExtraLight.ttf */; };
		0C80B921A6F3F58F76C31292 /* libPods-inventoryWiseProject.a in Frameworks */ = {isa = PBXBuildFile; fileRef = 5DCACB8F33CDC322A6C60F78 /* libPods-inventoryWiseProject.a */; };
		10620A08123C4C2E90C458B9 /* Inter_18pt-Light.ttf in Resources */ = {isa = PBXBuildFile; fileRef = A06BAE343B3240658A2C2445 /* Inter_18pt-Light.ttf */; };
		13B07FBC1A68108700A75B9A /* AppDelegate.mm in Sources */ = {isa = PBXBuildFile; fileRef = 13B07FB01A68108700A75B9A /* AppDelegate.mm */; };
		13B07FBF1A68108700A75B9A /* Images.xcassets in Resources */ = {isa = PBXBuildFile; fileRef = 13B07FB51A68108700A75B9A /* Images.xcassets */; };
		13B07FC11A68108700A75B9A /* main.m in Sources */ = {isa = PBXBuildFile; fileRef = 13B07FB71A68108700A75B9A /* main.m */; };
		162EC0B9FD90C4755C4A1982 /* PrivacyInfo.xcprivacy in Resources */ = {isa = PBXBuildFile; fileRef = 13B07FB81A68108700A75B9A /* PrivacyInfo.xcprivacy */; };
		188EC940ED794C179505A6CD /* Inter_28pt-SemiBold.ttf in Resources */ = {isa = PBXBuildFile; fileRef = 1DDFA3387B2C4563846DC4C1 /* Inter_28pt-SemiBold.ttf */; };
		1E777D46208D4423B8151F93 /* Inter_28pt-ExtraLightItalic.ttf in Resources */ = {isa = PBXBuildFile; fileRef = F6E2C8BFE275481E87024931 /* Inter_28pt-ExtraLightItalic.ttf */; };
		1FB1258B51E34874BC63905A /* Lato-Light.ttf in Resources */ = {isa = PBXBuildFile; fileRef = 12E3CD6B1B394C36A1E5F9D0 /* Lato-Light.ttf */; };
		2544234C5E844D66AA933BC1 /* PlaywriteIN-ExtraLight.ttf in Resources */ = {isa = PBXBuildFile; fileRef = 8EAAF017A4E545479C1A778C /* PlaywriteIN-ExtraLight.ttf */; };
		29A451338E33488A837B78F5 /* Inter_28pt-LightItalic.ttf in Resources */ = {isa = PBXBuildFile; fileRef = F5DBEC8572B844F1B3BE28CB /* Inter_28pt-LightItalic.ttf */; };
		2D356A032E6E4BE1AE33E150 /* Inter_18pt-LightItalic.ttf in Resources */ = {isa = PBXBuildFile; fileRef = C1B4E8606D4D473AB14DA344 /* Inter_18pt-LightItalic.ttf */; };
		325CB4C0441D4DBFA124B103 /* Inter_28pt-SemiBoldItalic.ttf in Resources */ = {isa = PBXBuildFile; fileRef = EA039F8428CD46B6AE36BD0B /* Inter_28pt-SemiBoldItalic.ttf */; };
		36479B6AA8904A0F946504CD /* Inter_28pt-Medium.ttf in Resources */ = {isa = PBXBuildFile; fileRef = 5D083374070040B9AE94060E /* Inter_28pt-Medium.ttf */; };
		43D562A668594CC7AB23406B /* Inter_28pt-Black.ttf in Resources */ = {isa = PBXBuildFile; fileRef = 0863A0346F8341C8A3191429 /* Inter_28pt-Black.ttf */; };
		4AC866DE4BEA4EBB8C246444 /* Inter_18pt-BoldItalic.ttf in Resources */ = {isa = PBXBuildFile; fileRef = 5625DE9D7DD647568FE60E0F /* Inter_18pt-BoldItalic.ttf */; };
		528D3111082047C7BABC4CA8 /* Inter_24pt-Thin.ttf in Resources */ = {isa = PBXBuildFile; fileRef = 54578BFBF697436397787B6D /* Inter_24pt-Thin.ttf */; };
		54071335A4284DE7A323E3E2 /* Lato-Italic.ttf in Resources */ = {isa = PBXBuildFile; fileRef = EDF94A25A3C94349BCB25015 /* Lato-Italic.ttf */; };
		561744B601E640F5AB727CEE /* Inter_18pt-ExtraLight.ttf in Resources */ = {isa = PBXBuildFile; fileRef = C3E43329508843B08C540175 /* Inter_18pt-ExtraLight.ttf */; };
		5EA14E1BE8194E9991538E61 /* Inter_24pt-ExtraBoldItalic.ttf in Resources */ = {isa = PBXBuildFile; fileRef = 9C78696E02F2448EB334C14D /* Inter_24pt-ExtraBoldItalic.ttf */; };
		5F86E3E0FEA94CCFA6B4E810 /* Inter_28pt-BoldItalic.ttf in Resources */ = {isa = PBXBuildFile; fileRef = 0DE1313EDBEB445592433ABE /* Inter_28pt-BoldItalic.ttf */; };
		6963B268DD0F47AF8826EBF8 /* Inter_24pt-BlackItalic.ttf in Resources */ = {isa = PBXBuildFile; fileRef = 6E2FCA15E62E47BBA6D8C99B /* Inter_24pt-BlackItalic.ttf */; };
		6AC108C20A574717A8516B61 /* Inter_28pt-ExtraBoldItalic.ttf in Resources */ = {isa = PBXBuildFile; fileRef = C8E6FCA3F6A2418990EB362F /* Inter_28pt-ExtraBoldItalic.ttf */; };
		6E9E1A4BEA214565A08EC295 /* Inter_18pt-ThinItalic.ttf in Resources */ = {isa = PBXBuildFile; fileRef = 450B036E0B93470F9B910624 /* Inter_18pt-ThinItalic.ttf */; };
		709FF8243D1E4CC8BA39733B /* Inter_28pt-ExtraBold.ttf in Resources */ = {isa = PBXBuildFile; fileRef = 3925D2BA34604230B09A8079 /* Inter_28pt-ExtraBold.ttf */; };
		748743612F544243B751877B /* Lato-Bold.ttf in Resources */ = {isa = PBXBuildFile; fileRef = A02B2F060BCC463E9A569143 /* Lato-Bold.ttf */; };
		7699B88040F8A987B510C191 /* libPods-inventoryWiseProject-inventoryWiseProjectTests.a in Frameworks */ = {isa = PBXBuildFile; fileRef = 19F6CBCC0A4E27FBF8BF4A61 /* libPods-inventoryWiseProject-inventoryWiseProjectTests.a */; };
		78813D8CE0DD4B088859B6D5 /* Inter_18pt-Medium.ttf in Resources */ = {isa = PBXBuildFile; fileRef = 83DBCAD98FCC4A9994EF0216 /* Inter_18pt-Medium.ttf */; };
		791FDCCB79B6494A9BA39084 /* Inter_24pt-Light.ttf in Resources */ = {isa = PBXBuildFile; fileRef = 7C3793D0697348D3A8E33B9D /* Inter_24pt-Light.ttf */; };
		7BE7CE4BF734411EB0012C8B /* Inter_24pt-ExtraLightItalic.ttf in Resources */ = {isa = PBXBuildFile; fileRef = 56DC599E9EFD44DDAD61155C /* Inter_24pt-ExtraLightItalic.ttf */; };
		800EBF474D3C49CF9416EE9F /* Inter_24pt-Italic.ttf in Resources */ = {isa = PBXBuildFile; fileRef = 813502C934EF40A6BC7DF02E /* Inter_24pt-Italic.ttf */; };
		81AB9BB82411601600AC10FF /* LaunchScreen.storyboard in Resources */ = {isa = PBXBuildFile; fileRef = 81AB9BB72411601600AC10FF /* LaunchScreen.storyboard */; };
		94B961BF60744ADCB2C6F7C9 /* Inter_24pt-LightItalic.ttf in Resources */ = {isa = PBXBuildFile; fileRef = 2A958D7750A142BD9E228093 /* Inter_24pt-LightItalic.ttf */; };
		952E0D7592EE437FAA260662 /* Inter_28pt-MediumItalic.ttf in Resources */ = {isa = PBXBuildFile; fileRef = FBF9974CBE874248A9610DE8 /* Inter_28pt-MediumItalic.ttf */; };
		95734CF1F834429AAAD50092 /* Inter_28pt-ExtraLight.ttf in Resources */ = {isa = PBXBuildFile; fileRef = 8995FA09025144E29D814233 /* Inter_28pt-ExtraLight.ttf */; };
		95CC3CCEF8C847B397ACC07C /* Inter_18pt-ExtraBold.ttf in Resources */ = {isa = PBXBuildFile; fileRef = 92C2640B2BA84A4BBB81D755 /* Inter_18pt-ExtraBold.ttf */; };
		96C4BE784544470FBCC75ADE /* Inter_24pt-Medium.ttf in Resources */ = {isa = PBXBuildFile; fileRef = 4B29A3A65E394EA8953AEE20 /* Inter_24pt-Medium.ttf */; };
		9834FAA4AE284FEBA08CF1B0 /* Inter_24pt-ThinItalic.ttf in Resources */ = {isa = PBXBuildFile; fileRef = 69F6F6D0E960441EA80691DF /* Inter_24pt-ThinItalic.ttf */; };
		9834FE962F024DAD831953E4 /* Inter_28pt-ThinItalic.ttf in Resources */ = {isa = PBXBuildFile; fileRef = C6F89C6334D946EC937D9BBF /* Inter_28pt-ThinItalic.ttf */; };
		98BA913D86344ACCACB0CFA3 /* Inter_18pt-SemiBoldItalic.ttf in Resources */ = {isa = PBXBuildFile; fileRef = 79BC4D54E8B6457EA148D616 /* Inter_18pt-SemiBoldItalic.ttf */; };
		98E072F94AFD4A1FBA2AFA49 /* Inter_24pt-SemiBold.ttf in Resources */ = {isa = PBXBuildFile; fileRef = BBE7C11B23BB4153BF2318E6 /* Inter_24pt-SemiBold.ttf */; };
		9ADFD7E64E5D4E6A899577D3 /* Inter_18pt-BlackItalic.ttf in Resources */ = {isa = PBXBuildFile; fileRef = 483B1EC6A1F94D48A6CF0229 /* Inter_18pt-BlackItalic.ttf */; };
		9F6D919605934A52BF1EDCB6 /* Inter_24pt-ExtraBold.ttf in Resources */ = {isa = PBXBuildFile; fileRef = 2CBE43021AD94908BAE6ADCD /* Inter_24pt-ExtraBold.ttf */; };
		A32A6528AA424D758E314245 /* Inter_18pt-MediumItalic.ttf in Resources */ = {isa = PBXBuildFile; fileRef = 7F76F768682C4D32A227B5F5 /* Inter_18pt-MediumItalic.ttf */; };
		A89A0240570E4E13ABFED1B5 /* Lato-ThinItalic.ttf in Resources */ = {isa = PBXBuildFile; fileRef = FD3359C0A1DB4ADD95C241FF /* Lato-ThinItalic.ttf */; };
		AAB1A51D82924A80A78D108B /* Inter_18pt-Italic.ttf in Resources */ = {isa = PBXBuildFile; fileRef = 61280589755A4C049BB627B8 /* Inter_18pt-Italic.ttf */; };
		AB647A9FFF3E4B58A1D03F8A /* Lato-BlackItalic.ttf in Resources */ = {isa = PBXBuildFile; fileRef = 3140D2EAAFAD412DADAA8524 /* Lato-BlackItalic.ttf */; };
		ABE1D2B1A31A4E41AEDE0F5D /* Inter_28pt-Light.ttf in Resources */ = {isa = PBXBuildFile; fileRef = DB802C71D51D4E85B2A43E83 /* Inter_28pt-Light.ttf */; };
		AE3C3B69DC97485EB1E3EDE3 /* Inter_28pt-Thin.ttf in Resources */ = {isa = PBXBuildFile; fileRef = 5BE1DC04E39043878843B673 /* Inter_28pt-Thin.ttf */; };
		B19EA894D0874AC6AE329EDC /* Inter_18pt-Thin.ttf in Resources */ = {isa = PBXBuildFile; fileRef = EA0DC732B21A4AFA89A659C4 /* Inter_18pt-Thin.ttf */; };
		BBE833263FC847BEAE311B4F /* Inter_28pt-Regular.ttf in Resources */ = {isa = PBXBuildFile; fileRef = 22AAA77B706D417993C1E36F /* Inter_28pt-Regular.ttf */; };
		BCD1F39E5F5046AD9EC9D205 /* Inter_18pt-Black.ttf in Resources */ = {isa = PBXBuildFile; fileRef = 7674D295A96942D1BB335909 /* Inter_18pt-Black.ttf */; };
		BF3DBF43CD90435BBE3BA074 /* Lato-Black.ttf in Resources */ = {isa = PBXBuildFile; fileRef = D815FE49535A440188BEBB42 /* Lato-Black.ttf */; };
		C2E4B133925C4936A1A65D3D /* Lato-LightItalic.ttf in Resources */ = {isa = PBXBuildFile; fileRef = 80ED72C46E1948AB8BEB4300 /* Lato-LightItalic.ttf */; };
		C67C536E9C804E048D74A446 /* Inter_18pt-Bold.ttf in Resources */ = {isa = PBXBuildFile; fileRef = 1F3C65390AE1401E9E4A5FFA /* Inter_18pt-Bold.ttf */; };
		CCCD778D2503493089FFF720 /* Inter_28pt-Bold.ttf in Resources */ = {isa = PBXBuildFile; fileRef = 93A5C0A17F9A471EA2ECB7CD /* Inter_28pt-Bold.ttf */; };
		D27ECDE1258E46D683F3F363 /* Inter_24pt-SemiBoldItalic.ttf in Resources */ = {isa = PBXBuildFile; fileRef = 31DDD75329E2484A83A84430 /* Inter_24pt-SemiBoldItalic.ttf */; };
		D321A08D2B40434E89D32D74 /* Inter_18pt-Regular.ttf in Resources */ = {isa = PBXBuildFile; fileRef = 247D8A50AD334B42B67808D0 /* Inter_18pt-Regular.ttf */; };
		D4D4A4C85CDA4F1A966FE30D /* Inter_18pt-ExtraBoldItalic.ttf in Resources */ = {isa = PBXBuildFile; fileRef = 199C1035CDF540E5B5D1F75C /* Inter_18pt-ExtraBoldItalic.ttf */; };
		E106DFDDA65E48D2AD7AF27B /* Inter_18pt-ExtraLightItalic.ttf in Resources */ = {isa = PBXBuildFile; fileRef = 862F7C41A4F848A4AF9A2AFF /* Inter_18pt-ExtraLightItalic.ttf */; };
		E230041A283D44B0BF58AC0B /* Inter_18pt-SemiBold.ttf in Resources */ = {isa = PBXBuildFile; fileRef = 4BEEC25231F243EAB4C649D6 /* Inter_18pt-SemiBold.ttf */; };
		EEB9B1A512544B939F685ADD /* Inter_28pt-Italic.ttf in Resources */ = {isa = PBXBuildFile; fileRef = B25C91721E694A1192AFEEA1 /* Inter_28pt-Italic.ttf */; };
		F45F8BD825C7447487F90567 /* Inter_28pt-BlackItalic.ttf in Resources */ = {isa = PBXBuildFile; fileRef = 07CB01EC53D549239FF30B81 /* Inter_28pt-BlackItalic.ttf */; };
		F8CBB2E258114A6EA78D4776 /* Lato-Regular.ttf in Resources */ = {isa = PBXBuildFile; fileRef = F749BF79AA624CDF8EE41453 /* Lato-Regular.ttf */; };
		F93DAEAA2CC243CC91AE45BE /* Inter_24pt-BoldItalic.ttf in Resources */ = {isa = PBXBuildFile; fileRef = A91E785B9D4E4A02AB1A4D49 /* Inter_24pt-BoldItalic.ttf */; };
		F9F020F75A5A4ADCA4237B9F /* Lato-BoldItalic.ttf in Resources */ = {isa = PBXBuildFile; fileRef = 3A4A2D1F49A14A89836D59FB /* Lato-BoldItalic.ttf */; };
		FD60DEBD16474CA6968162D8 /* Inter_24pt-MediumItalic.ttf in Resources */ = {isa = PBXBuildFile; fileRef = 4DDA3A1EDA8D4B0FB90420D4 /* Inter_24pt-MediumItalic.ttf */; };
		FDDBAF9CAEBE4E409E1D59DA /* Inter_24pt-Regular.ttf in Resources */ = {isa = PBXBuildFile; fileRef = BF8392587964423EB64A4AAD /* Inter_24pt-Regular.ttf */; };
		FE6DD9DEF26C43B895415E08 /* Inter_24pt-Black.ttf in Resources */ = {isa = PBXBuildFile; fileRef = D0B3870F507341248B42859F /* Inter_24pt-Black.ttf */; };
/* End PBXBuildFile section */

/* Begin PBXContainerItemProxy section */
		00E356F41AD99517003FC87E /* PBXContainerItemProxy */ = {
			isa = PBXContainerItemProxy;
			containerPortal = 83CBB9F71A601CBA00E9B192 /* Project object */;
			proxyType = 1;
			remoteGlobalIDString = 13B07F861A680F5B00A75B9A;
			remoteInfo = inventoryWiseProject;
		};
/* End PBXContainerItemProxy section */

/* Begin PBXFileReference section */
		007DFB0FB59C4B5F9FC724AC /* Inter_24pt-Bold.ttf */ = {isa = PBXFileReference; explicitFileType = undefined; fileEncoding = 9; includeInIndex = 0; lastKnownFileType = unknown; name = "Inter_24pt-Bold.ttf"; path = "../App/assets/fonts/Inter_24pt-Bold.ttf"; sourceTree = "<group>"; };
		00E356EE1AD99517003FC87E /* inventoryWiseProjectTests.xctest */ = {isa = PBXFileReference; explicitFileType = wrapper.cfbundle; includeInIndex = 0; path = inventoryWiseProjectTests.xctest; sourceTree = BUILT_PRODUCTS_DIR; };
		00E356F11AD99517003FC87E /* Info.plist */ = {isa = PBXFileReference; lastKnownFileType = text.plist.xml; path = Info.plist; sourceTree = "<group>"; };
		00E356F21AD99517003FC87E /* inventoryWiseProjectTests.m */ = {isa = PBXFileReference; lastKnownFileType = sourcecode.c.objc; path = inventoryWiseProjectTests.m; sourceTree = "<group>"; };
		07CB01EC53D549239FF30B81 /* Inter_28pt-BlackItalic.ttf */ = {isa = PBXFileReference; explicitFileType = undefined; fileEncoding = 9; includeInIndex = 0; lastKnownFileType = unknown; name = "Inter_28pt-BlackItalic.ttf"; path = "../App/assets/fonts/Inter_28pt-BlackItalic.ttf"; sourceTree = "<group>"; };
		0863A0346F8341C8A3191429 /* Inter_28pt-Black.ttf */ = {isa = PBXFileReference; explicitFileType = undefined; fileEncoding = 9; includeInIndex = 0; lastKnownFileType = unknown; name = "Inter_28pt-Black.ttf"; path = "../App/assets/fonts/Inter_28pt-Black.ttf"; sourceTree = "<group>"; };
		0DE1313EDBEB445592433ABE /* Inter_28pt-BoldItalic.ttf */ = {isa = PBXFileReference; explicitFileType = undefined; fileEncoding = 9; includeInIndex = 0; lastKnownFileType = unknown; name = "Inter_28pt-BoldItalic.ttf"; path = "../App/assets/fonts/Inter_28pt-BoldItalic.ttf"; sourceTree = "<group>"; };
		12E3CD6B1B394C36A1E5F9D0 /* Lato-Light.ttf */ = {isa = PBXFileReference; explicitFileType = undefined; fileEncoding = 9; includeInIndex = 0; lastKnownFileType = unknown; name = "Lato-Light.ttf"; path = "../App/assets/fonts/Lato-Light.ttf"; sourceTree = "<group>"; };
		13B07F961A680F5B00A75B9A /* inventoryWiseProject.app */ = {isa = PBXFileReference; explicitFileType = wrapper.application; includeInIndex = 0; path = inventoryWiseProject.app; sourceTree = BUILT_PRODUCTS_DIR; };
		13B07FAF1A68108700A75B9A /* AppDelegate.h */ = {isa = PBXFileReference; fileEncoding = 4; lastKnownFileType = sourcecode.c.h; name = AppDelegate.h; path = inventoryWiseProject/AppDelegate.h; sourceTree = "<group>"; };
		13B07FB01A68108700A75B9A /* AppDelegate.mm */ = {isa = PBXFileReference; fileEncoding = 4; lastKnownFileType = sourcecode.cpp.objcpp; name = AppDelegate.mm; path = inventoryWiseProject/AppDelegate.mm; sourceTree = "<group>"; };
		13B07FB51A68108700A75B9A /* Images.xcassets */ = {isa = PBXFileReference; lastKnownFileType = folder.assetcatalog; name = Images.xcassets; path = inventoryWiseProject/Images.xcassets; sourceTree = "<group>"; };
		13B07FB61A68108700A75B9A /* Info.plist */ = {isa = PBXFileReference; fileEncoding = 4; lastKnownFileType = text.plist.xml; name = Info.plist; path = inventoryWiseProject/Info.plist; sourceTree = "<group>"; };
		13B07FB71A68108700A75B9A /* main.m */ = {isa = PBXFileReference; fileEncoding = 4; lastKnownFileType = sourcecode.c.objc; name = main.m; path = inventoryWiseProject/main.m; sourceTree = "<group>"; };
		13B07FB81A68108700A75B9A /* PrivacyInfo.xcprivacy */ = {isa = PBXFileReference; fileEncoding = 4; lastKnownFileType = text.plist.xml; name = PrivacyInfo.xcprivacy; path = inventoryWiseProject/PrivacyInfo.xcprivacy; sourceTree = "<group>"; };
		199C1035CDF540E5B5D1F75C /* Inter_18pt-ExtraBoldItalic.ttf */ = {isa = PBXFileReference; explicitFileType = undefined; fileEncoding = 9; includeInIndex = 0; lastKnownFileType = unknown; name = "Inter_18pt-ExtraBoldItalic.ttf"; path = "../App/assets/fonts/Inter_18pt-ExtraBoldItalic.ttf"; sourceTree = "<group>"; };
		19F6CBCC0A4E27FBF8BF4A61 /* libPods-inventoryWiseProject-inventoryWiseProjectTests.a */ = {isa = PBXFileReference; explicitFileType = archive.ar; includeInIndex = 0; path = "libPods-inventoryWiseProject-inventoryWiseProjectTests.a"; sourceTree = BUILT_PRODUCTS_DIR; };
		1DDFA3387B2C4563846DC4C1 /* Inter_28pt-SemiBold.ttf */ = {isa = PBXFileReference; explicitFileType = undefined; fileEncoding = 9; includeInIndex = 0; lastKnownFileType = unknown; name = "Inter_28pt-SemiBold.ttf"; path = "../App/assets/fonts/Inter_28pt-SemiBold.ttf"; sourceTree = "<group>"; };
		1F3C65390AE1401E9E4A5FFA /* Inter_18pt-Bold.ttf */ = {isa = PBXFileReference; explicitFileType = undefined; fileEncoding = 9; includeInIndex = 0; lastKnownFileType = unknown; name = "Inter_18pt-Bold.ttf"; path = "../App/assets/fonts/Inter_18pt-Bold.ttf"; sourceTree = "<group>"; };
		22AAA77B706D417993C1E36F /* Inter_28pt-Regular.ttf */ = {isa = PBXFileReference; explicitFileType = undefined; fileEncoding = 9; includeInIndex = 0; lastKnownFileType = unknown; name = "Inter_28pt-Regular.ttf"; path = "../App/assets/fonts/Inter_28pt-Regular.ttf"; sourceTree = "<group>"; };
		247D8A50AD334B42B67808D0 /* Inter_18pt-Regular.ttf */ = {isa = PBXFileReference; explicitFileType = undefined; fileEncoding = 9; includeInIndex = 0; lastKnownFileType = unknown; name = "Inter_18pt-Regular.ttf"; path = "../App/assets/fonts/Inter_18pt-Regular.ttf"; sourceTree = "<group>"; };
		2A958D7750A142BD9E228093 /* Inter_24pt-LightItalic.ttf */ = {isa = PBXFileReference; explicitFileType = undefined; fileEncoding = 9; includeInIndex = 0; lastKnownFileType = unknown; name = "Inter_24pt-LightItalic.ttf"; path = "../App/assets/fonts/Inter_24pt-LightItalic.ttf"; sourceTree = "<group>"; };
		2CBE43021AD94908BAE6ADCD /* Inter_24pt-ExtraBold.ttf */ = {isa = PBXFileReference; explicitFileType = undefined; fileEncoding = 9; includeInIndex = 0; lastKnownFileType = unknown; name = "Inter_24pt-ExtraBold.ttf"; path = "../App/assets/fonts/Inter_24pt-ExtraBold.ttf"; sourceTree = "<group>"; };
		3140D2EAAFAD412DADAA8524 /* Lato-BlackItalic.ttf */ = {isa = PBXFileReference; explicitFileType = undefined; fileEncoding = 9; includeInIndex = 0; lastKnownFileType = unknown; name = "Lato-BlackItalic.ttf"; path = "../App/assets/fonts/Lato-BlackItalic.ttf"; sourceTree = "<group>"; };
		31DDD75329E2484A83A84430 /* Inter_24pt-SemiBoldItalic.ttf */ = {isa = PBXFileReference; explicitFileType = undefined; fileEncoding = 9; includeInIndex = 0; lastKnownFileType = unknown; name = "Inter_24pt-SemiBoldItalic.ttf"; path = "../App/assets/fonts/Inter_24pt-SemiBoldItalic.ttf"; sourceTree = "<group>"; };
		3925D2BA34604230B09A8079 /* Inter_28pt-ExtraBold.ttf */ = {isa = PBXFileReference; explicitFileType = undefined; fileEncoding = 9; includeInIndex = 0; lastKnownFileType = unknown; name = "Inter_28pt-ExtraBold.ttf"; path = "../App/assets/fonts/Inter_28pt-ExtraBold.ttf"; sourceTree = "<group>"; };
		3A4A2D1F49A14A89836D59FB /* Lato-BoldItalic.ttf */ = {isa = PBXFileReference; explicitFileType = undefined; fileEncoding = 9; includeInIndex = 0; lastKnownFileType = unknown; name = "Lato-BoldItalic.ttf"; path = "../App/assets/fonts/Lato-BoldItalic.ttf"; sourceTree = "<group>"; };
		3B4392A12AC88292D35C810B /* Pods-inventoryWiseProject.debug.xcconfig */ = {isa = PBXFileReference; includeInIndex = 1; lastKnownFileType = text.xcconfig; name = "Pods-inventoryWiseProject.debug.xcconfig"; path = "Target Support Files/Pods-inventoryWiseProject/Pods-inventoryWiseProject.debug.xcconfig"; sourceTree = "<group>"; };
		450B036E0B93470F9B910624 /* Inter_18pt-ThinItalic.ttf */ = {isa = PBXFileReference; explicitFileType = undefined; fileEncoding = 9; includeInIndex = 0; lastKnownFileType = unknown; name = "Inter_18pt-ThinItalic.ttf"; path = "../App/assets/fonts/Inter_18pt-ThinItalic.ttf"; sourceTree = "<group>"; };
		483B1EC6A1F94D48A6CF0229 /* Inter_18pt-BlackItalic.ttf */ = {isa = PBXFileReference; explicitFileType = undefined; fileEncoding = 9; includeInIndex = 0; lastKnownFileType = unknown; name = "Inter_18pt-BlackItalic.ttf"; path = "../App/assets/fonts/Inter_18pt-BlackItalic.ttf"; sourceTree = "<group>"; };
		4B29A3A65E394EA8953AEE20 /* Inter_24pt-Medium.ttf */ = {isa = PBXFileReference; explicitFileType = undefined; fileEncoding = 9; includeInIndex = 0; lastKnownFileType = unknown; name = "Inter_24pt-Medium.ttf"; path = "../App/assets/fonts/Inter_24pt-Medium.ttf"; sourceTree = "<group>"; };
		4BEEC25231F243EAB4C649D6 /* Inter_18pt-SemiBold.ttf */ = {isa = PBXFileReference; explicitFileType = undefined; fileEncoding = 9; includeInIndex = 0; lastKnownFileType = unknown; name = "Inter_18pt-SemiBold.ttf"; path = "../App/assets/fonts/Inter_18pt-SemiBold.ttf"; sourceTree = "<group>"; };
		4DDA3A1EDA8D4B0FB90420D4 /* Inter_24pt-MediumItalic.ttf */ = {isa = PBXFileReference; explicitFileType = undefined; fileEncoding = 9; includeInIndex = 0; lastKnownFileType = unknown; name = "Inter_24pt-MediumItalic.ttf"; path = "../App/assets/fonts/Inter_24pt-MediumItalic.ttf"; sourceTree = "<group>"; };
		54578BFBF697436397787B6D /* Inter_24pt-Thin.ttf */ = {isa = PBXFileReference; explicitFileType = undefined; fileEncoding = 9; includeInIndex = 0; lastKnownFileType = unknown; name = "Inter_24pt-Thin.ttf"; path = "../App/assets/fonts/Inter_24pt-Thin.ttf"; sourceTree = "<group>"; };
		5625DE9D7DD647568FE60E0F /* Inter_18pt-BoldItalic.ttf */ = {isa = PBXFileReference; explicitFileType = undefined; fileEncoding = 9; includeInIndex = 0; lastKnownFileType = unknown; name = "Inter_18pt-BoldItalic.ttf"; path = "../App/assets/fonts/Inter_18pt-BoldItalic.ttf"; sourceTree = "<group>"; };
		56DC599E9EFD44DDAD61155C /* Inter_24pt-ExtraLightItalic.ttf */ = {isa = PBXFileReference; explicitFileType = undefined; fileEncoding = 9; includeInIndex = 0; lastKnownFileType = unknown; name = "Inter_24pt-ExtraLightItalic.ttf"; path = "../App/assets/fonts/Inter_24pt-ExtraLightItalic.ttf"; sourceTree = "<group>"; };
		5709B34CF0A7D63546082F79 /* Pods-inventoryWiseProject.release.xcconfig */ = {isa = PBXFileReference; includeInIndex = 1; lastKnownFileType = text.xcconfig; name = "Pods-inventoryWiseProject.release.xcconfig"; path = "Target Support Files/Pods-inventoryWiseProject/Pods-inventoryWiseProject.release.xcconfig"; sourceTree = "<group>"; };
		5B7EB9410499542E8C5724F5 /* Pods-inventoryWiseProject-inventoryWiseProjectTests.debug.xcconfig */ = {isa = PBXFileReference; includeInIndex = 1; lastKnownFileType = text.xcconfig; name = "Pods-inventoryWiseProject-inventoryWiseProjectTests.debug.xcconfig"; path = "Target Support Files/Pods-inventoryWiseProject-inventoryWiseProjectTests/Pods-inventoryWiseProject-inventoryWiseProjectTests.debug.xcconfig"; sourceTree = "<group>"; };
		5BE1DC04E39043878843B673 /* Inter_28pt-Thin.ttf */ = {isa = PBXFileReference; explicitFileType = undefined; fileEncoding = 9; includeInIndex = 0; lastKnownFileType = unknown; name = "Inter_28pt-Thin.ttf"; path = "../App/assets/fonts/Inter_28pt-Thin.ttf"; sourceTree = "<group>"; };
		5D083374070040B9AE94060E /* Inter_28pt-Medium.ttf */ = {isa = PBXFileReference; explicitFileType = undefined; fileEncoding = 9; includeInIndex = 0; lastKnownFileType = unknown; name = "Inter_28pt-Medium.ttf"; path = "../App/assets/fonts/Inter_28pt-Medium.ttf"; sourceTree = "<group>"; };
		5DCACB8F33CDC322A6C60F78 /* libPods-inventoryWiseProject.a */ = {isa = PBXFileReference; explicitFileType = archive.ar; includeInIndex = 0; path = "libPods-inventoryWiseProject.a"; sourceTree = BUILT_PRODUCTS_DIR; };
		61280589755A4C049BB627B8 /* Inter_18pt-Italic.ttf */ = {isa = PBXFileReference; explicitFileType = undefined; fileEncoding = 9; includeInIndex = 0; lastKnownFileType = unknown; name = "Inter_18pt-Italic.ttf"; path = "../App/assets/fonts/Inter_18pt-Italic.ttf"; sourceTree = "<group>"; };
		69F6F6D0E960441EA80691DF /* Inter_24pt-ThinItalic.ttf */ = {isa = PBXFileReference; explicitFileType = undefined; fileEncoding = 9; includeInIndex = 0; lastKnownFileType = unknown; name = "Inter_24pt-ThinItalic.ttf"; path = "../App/assets/fonts/Inter_24pt-ThinItalic.ttf"; sourceTree = "<group>"; };
		6E2FCA15E62E47BBA6D8C99B /* Inter_24pt-BlackItalic.ttf */ = {isa = PBXFileReference; explicitFileType = undefined; fileEncoding = 9; includeInIndex = 0; lastKnownFileType = unknown; name = "Inter_24pt-BlackItalic.ttf"; path = "../App/assets/fonts/Inter_24pt-BlackItalic.ttf"; sourceTree = "<group>"; };
		7674D295A96942D1BB335909 /* Inter_18pt-Black.ttf */ = {isa = PBXFileReference; explicitFileType = undefined; fileEncoding = 9; includeInIndex = 0; lastKnownFileType = unknown; name = "Inter_18pt-Black.ttf"; path = "../App/assets/fonts/Inter_18pt-Black.ttf"; sourceTree = "<group>"; };
		79BC4D54E8B6457EA148D616 /* Inter_18pt-SemiBoldItalic.ttf */ = {isa = PBXFileReference; explicitFileType = undefined; fileEncoding = 9; includeInIndex = 0; lastKnownFileType = unknown; name = "Inter_18pt-SemiBoldItalic.ttf"; path = "../App/assets/fonts/Inter_18pt-SemiBoldItalic.ttf"; sourceTree = "<group>"; };
		7C3793D0697348D3A8E33B9D /* Inter_24pt-Light.ttf */ = {isa = PBXFileReference; explicitFileType = undefined; fileEncoding = 9; includeInIndex = 0; lastKnownFileType = unknown; name = "Inter_24pt-Light.ttf"; path = "../App/assets/fonts/Inter_24pt-Light.ttf"; sourceTree = "<group>"; };
		7F76F768682C4D32A227B5F5 /* Inter_18pt-MediumItalic.ttf */ = {isa = PBXFileReference; explicitFileType = undefined; fileEncoding = 9; includeInIndex = 0; lastKnownFileType = unknown; name = "Inter_18pt-MediumItalic.ttf"; path = "../App/assets/fonts/Inter_18pt-MediumItalic.ttf"; sourceTree = "<group>"; };
		80ED72C46E1948AB8BEB4300 /* Lato-LightItalic.ttf */ = {isa = PBXFileReference; explicitFileType = undefined; fileEncoding = 9; includeInIndex = 0; lastKnownFileType = unknown; name = "Lato-LightItalic.ttf"; path = "../App/assets/fonts/Lato-LightItalic.ttf"; sourceTree = "<group>"; };
		813502C934EF40A6BC7DF02E /* Inter_24pt-Italic.ttf */ = {isa = PBXFileReference; explicitFileType = undefined; fileEncoding = 9; includeInIndex = 0; lastKnownFileType = unknown; name = "Inter_24pt-Italic.ttf"; path = "../App/assets/fonts/Inter_24pt-Italic.ttf"; sourceTree = "<group>"; };
		81AB9BB72411601600AC10FF /* LaunchScreen.storyboard */ = {isa = PBXFileReference; fileEncoding = 4; lastKnownFileType = file.storyboard; name = LaunchScreen.storyboard; path = inventoryWiseProject/LaunchScreen.storyboard; sourceTree = "<group>"; };
		83DBCAD98FCC4A9994EF0216 /* Inter_18pt-Medium.ttf */ = {isa = PBXFileReference; explicitFileType = undefined; fileEncoding = 9; includeInIndex = 0; lastKnownFileType = unknown; name = "Inter_18pt-Medium.ttf"; path = "../App/assets/fonts/Inter_18pt-Medium.ttf"; sourceTree = "<group>"; };
		862F7C41A4F848A4AF9A2AFF /* Inter_18pt-ExtraLightItalic.ttf */ = {isa = PBXFileReference; explicitFileType = undefined; fileEncoding = 9; includeInIndex = 0; lastKnownFileType = unknown; name = "Inter_18pt-ExtraLightItalic.ttf"; path = "../App/assets/fonts/Inter_18pt-ExtraLightItalic.ttf"; sourceTree = "<group>"; };
		8995FA09025144E29D814233 /* Inter_28pt-ExtraLight.ttf */ = {isa = PBXFileReference; explicitFileType = undefined; fileEncoding = 9; includeInIndex = 0; lastKnownFileType = unknown; name = "Inter_28pt-ExtraLight.ttf"; path = "../App/assets/fonts/Inter_28pt-ExtraLight.ttf"; sourceTree = "<group>"; };
		89C6BE57DB24E9ADA2F236DE /* Pods-inventoryWiseProject-inventoryWiseProjectTests.release.xcconfig */ = {isa = PBXFileReference; includeInIndex = 1; lastKnownFileType = text.xcconfig; name = "Pods-inventoryWiseProject-inventoryWiseProjectTests.release.xcconfig"; path = "Target Support Files/Pods-inventoryWiseProject-inventoryWiseProjectTests/Pods-inventoryWiseProject-inventoryWiseProjectTests.release.xcconfig"; sourceTree = "<group>"; };
		8EAAF017A4E545479C1A778C /* PlaywriteIN-ExtraLight.ttf */ = {isa = PBXFileReference; explicitFileType = undefined; fileEncoding = 9; includeInIndex = 0; lastKnownFileType = unknown; name = "PlaywriteIN-ExtraLight.ttf"; path = "../App/assets/fonts/PlaywriteIN-ExtraLight.ttf"; sourceTree = "<group>"; };
		92C2640B2BA84A4BBB81D755 /* Inter_18pt-ExtraBold.ttf */ = {isa = PBXFileReference; explicitFileType = undefined; fileEncoding = 9; includeInIndex = 0; lastKnownFileType = unknown; name = "Inter_18pt-ExtraBold.ttf"; path = "../App/assets/fonts/Inter_18pt-ExtraBold.ttf"; sourceTree = "<group>"; };
		93A5C0A17F9A471EA2ECB7CD /* Inter_28pt-Bold.ttf */ = {isa = PBXFileReference; explicitFileType = undefined; fileEncoding = 9; includeInIndex = 0; lastKnownFileType = unknown; name = "Inter_28pt-Bold.ttf"; path = "../App/assets/fonts/Inter_28pt-Bold.ttf"; sourceTree = "<group>"; };
		9C78696E02F2448EB334C14D /* Inter_24pt-ExtraBoldItalic.ttf */ = {isa = PBXFileReference; explicitFileType = undefined; fileEncoding = 9; includeInIndex = 0; lastKnownFileType = unknown; name = "Inter_24pt-ExtraBoldItalic.ttf"; path = "../App/assets/fonts/Inter_24pt-ExtraBoldItalic.ttf"; sourceTree = "<group>"; };
		A02B2F060BCC463E9A569143 /* Lato-Bold.ttf */ = {isa = PBXFileReference; explicitFileType = undefined; fileEncoding = 9; includeInIndex = 0; lastKnownFileType = unknown; name = "Lato-Bold.ttf"; path = "../App/assets/fonts/Lato-Bold.ttf"; sourceTree = "<group>"; };
		A06BAE343B3240658A2C2445 /* Inter_18pt-Light.ttf */ = {isa = PBXFileReference; explicitFileType = undefined; fileEncoding = 9; includeInIndex = 0; lastKnownFileType = unknown; name = "Inter_18pt-Light.ttf"; path = "../App/assets/fonts/Inter_18pt-Light.ttf"; sourceTree = "<group>"; };
		A91E785B9D4E4A02AB1A4D49 /* Inter_24pt-BoldItalic.ttf */ = {isa = PBXFileReference; explicitFileType = undefined; fileEncoding = 9; includeInIndex = 0; lastKnownFileType = unknown; name = "Inter_24pt-BoldItalic.ttf"; path = "../App/assets/fonts/Inter_24pt-BoldItalic.ttf"; sourceTree = "<group>"; };
		B25C91721E694A1192AFEEA1 /* Inter_28pt-Italic.ttf */ = {isa = PBXFileReference; explicitFileType = undefined; fileEncoding = 9; includeInIndex = 0; lastKnownFileType = unknown; name = "Inter_28pt-Italic.ttf"; path = "../App/assets/fonts/Inter_28pt-Italic.ttf"; sourceTree = "<group>"; };
		BBE7C11B23BB4153BF2318E6 /* Inter_24pt-SemiBold.ttf */ = {isa = PBXFileReference; explicitFileType = undefined; fileEncoding = 9; includeInIndex = 0; lastKnownFileType = unknown; name = "Inter_24pt-SemiBold.ttf"; path = "../App/assets/fonts/Inter_24pt-SemiBold.ttf"; sourceTree = "<group>"; };
		BF8392587964423EB64A4AAD /* Inter_24pt-Regular.ttf */ = {isa = PBXFileReference; explicitFileType = undefined; fileEncoding = 9; includeInIndex = 0; lastKnownFileType = unknown; name = "Inter_24pt-Regular.ttf"; path = "../App/assets/fonts/Inter_24pt-Regular.ttf"; sourceTree = "<group>"; };
		C1B4E8606D4D473AB14DA344 /* Inter_18pt-LightItalic.ttf */ = {isa = PBXFileReference; explicitFileType = undefined; fileEncoding = 9; includeInIndex = 0; lastKnownFileType = unknown; name = "Inter_18pt-LightItalic.ttf"; path = "../App/assets/fonts/Inter_18pt-LightItalic.ttf"; sourceTree = "<group>"; };
		C3E43329508843B08C540175 /* Inter_18pt-ExtraLight.ttf */ = {isa = PBXFileReference; explicitFileType = undefined; fileEncoding = 9; includeInIndex = 0; lastKnownFileType = unknown; name = "Inter_18pt-ExtraLight.ttf"; path = "../App/assets/fonts/Inter_18pt-ExtraLight.ttf"; sourceTree = "<group>"; };
		C6F89C6334D946EC937D9BBF /* Inter_28pt-ThinItalic.ttf */ = {isa = PBXFileReference; explicitFileType = undefined; fileEncoding = 9; includeInIndex = 0; lastKnownFileType = unknown; name = "Inter_28pt-ThinItalic.ttf"; path = "../App/assets/fonts/Inter_28pt-ThinItalic.ttf"; sourceTree = "<group>"; };
		C8E6FCA3F6A2418990EB362F /* Inter_28pt-ExtraBoldItalic.ttf */ = {isa = PBXFileReference; explicitFileType = undefined; fileEncoding = 9; includeInIndex = 0; lastKnownFileType = unknown; name = "Inter_28pt-ExtraBoldItalic.ttf"; path = "../App/assets/fonts/Inter_28pt-ExtraBoldItalic.ttf"; sourceTree = "<group>"; };
		D0B3870F507341248B42859F /* Inter_24pt-Black.ttf */ = {isa = PBXFileReference; explicitFileType = undefined; fileEncoding = 9; includeInIndex = 0; lastKnownFileType = unknown; name = "Inter_24pt-Black.ttf"; path = "../App/assets/fonts/Inter_24pt-Black.ttf"; sourceTree = "<group>"; };
		D815FE49535A440188BEBB42 /* Lato-Black.ttf */ = {isa = PBXFileReference; explicitFileType = undefined; fileEncoding = 9; includeInIndex = 0; lastKnownFileType = unknown; name = "Lato-Black.ttf"; path = "../App/assets/fonts/Lato-Black.ttf"; sourceTree = "<group>"; };
		DB802C71D51D4E85B2A43E83 /* Inter_28pt-Light.ttf */ = {isa = PBXFileReference; explicitFileType = undefined; fileEncoding = 9; includeInIndex = 0; lastKnownFileType = unknown; name = "Inter_28pt-Light.ttf"; path = "../App/assets/fonts/Inter_28pt-Light.ttf"; sourceTree = "<group>"; };
		EA039F8428CD46B6AE36BD0B /* Inter_28pt-SemiBoldItalic.ttf */ = {isa = PBXFileReference; explicitFileType = undefined; fileEncoding = 9; includeInIndex = 0; lastKnownFileType = unknown; name = "Inter_28pt-SemiBoldItalic.ttf"; path = "../App/assets/fonts/Inter_28pt-SemiBoldItalic.ttf"; sourceTree = "<group>"; };
		EA0DC732B21A4AFA89A659C4 /* Inter_18pt-Thin.ttf */ = {isa = PBXFileReference; explicitFileType = undefined; fileEncoding = 9; includeInIndex = 0; lastKnownFileType = unknown; name = "Inter_18pt-Thin.ttf"; path = "../App/assets/fonts/Inter_18pt-Thin.ttf"; sourceTree = "<group>"; };
		EA7A119231194E809B20636B /* Inter_24pt-ExtraLight.ttf */ = {isa = PBXFileReference; explicitFileType = undefined; fileEncoding = 9; includeInIndex = 0; lastKnownFileType = unknown; name = "Inter_24pt-ExtraLight.ttf"; path = "../App/assets/fonts/Inter_24pt-ExtraLight.ttf"; sourceTree = "<group>"; };
		ED297162215061F000B7C4FE /* JavaScriptCore.framework */ = {isa = PBXFileReference; lastKnownFileType = wrapper.framework; name = JavaScriptCore.framework; path = System/Library/Frameworks/JavaScriptCore.framework; sourceTree = SDKROOT; };
		EDF94A25A3C94349BCB25015 /* Lato-Italic.ttf */ = {isa = PBXFileReference; explicitFileType = undefined; fileEncoding = 9; includeInIndex = 0; lastKnownFileType = unknown; name = "Lato-Italic.ttf"; path = "../App/assets/fonts/Lato-Italic.ttf"; sourceTree = "<group>"; };
		F5DBEC8572B844F1B3BE28CB /* Inter_28pt-LightItalic.ttf */ = {isa = PBXFileReference; explicitFileType = undefined; fileEncoding = 9; includeInIndex = 0; lastKnownFileType = unknown; name = "Inter_28pt-LightItalic.ttf"; path = "../App/assets/fonts/Inter_28pt-LightItalic.ttf"; sourceTree = "<group>"; };
		F6E2C8BFE275481E87024931 /* Inter_28pt-ExtraLightItalic.ttf */ = {isa = PBXFileReference; explicitFileType = undefined; fileEncoding = 9; includeInIndex = 0; lastKnownFileType = unknown; name = "Inter_28pt-ExtraLightItalic.ttf"; path = "../App/assets/fonts/Inter_28pt-ExtraLightItalic.ttf"; sourceTree = "<group>"; };
		F749BF79AA624CDF8EE41453 /* Lato-Regular.ttf */ = {isa = PBXFileReference; explicitFileType = undefined; fileEncoding = 9; includeInIndex = 0; lastKnownFileType = unknown; name = "Lato-Regular.ttf"; path = "../App/assets/fonts/Lato-Regular.ttf"; sourceTree = "<group>"; };
		FBF9974CBE874248A9610DE8 /* Inter_28pt-MediumItalic.ttf */ = {isa = PBXFileReference; explicitFileType = undefined; fileEncoding = 9; includeInIndex = 0; lastKnownFileType = unknown; name = "Inter_28pt-MediumItalic.ttf"; path = "../App/assets/fonts/Inter_28pt-MediumItalic.ttf"; sourceTree = "<group>"; };
		FD3359C0A1DB4ADD95C241FF /* Lato-ThinItalic.ttf */ = {isa = PBXFileReference; explicitFileType = undefined; fileEncoding = 9; includeInIndex = 0; lastKnownFileType = unknown; name = "Lato-ThinItalic.ttf"; path = "../App/assets/fonts/Lato-ThinItalic.ttf"; sourceTree = "<group>"; };
/* End PBXFileReference section */

/* Begin PBXFrameworksBuildPhase section */
		00E356EB1AD99517003FC87E /* Frameworks */ = {
			isa = PBXFrameworksBuildPhase;
			buildActionMask = 2147483647;
			files = (
				7699B88040F8A987B510C191 /* libPods-inventoryWiseProject-inventoryWiseProjectTests.a in Frameworks */,
			);
			runOnlyForDeploymentPostprocessing = 0;
		};
		13B07F8C1A680F5B00A75B9A /* Frameworks */ = {
			isa = PBXFrameworksBuildPhase;
			buildActionMask = 2147483647;
			files = (
				0C80B921A6F3F58F76C31292 /* libPods-inventoryWiseProject.a in Frameworks */,
			);
			runOnlyForDeploymentPostprocessing = 0;
		};
/* End PBXFrameworksBuildPhase section */

/* Begin PBXGroup section */
		00E356EF1AD99517003FC87E /* inventoryWiseProjectTests */ = {
			isa = PBXGroup;
			children = (
				00E356F21AD99517003FC87E /* inventoryWiseProjectTests.m */,
				00E356F01AD99517003FC87E /* Supporting Files */,
			);
			path = inventoryWiseProjectTests;
			sourceTree = "<group>";
		};
		00E356F01AD99517003FC87E /* Supporting Files */ = {
			isa = PBXGroup;
			children = (
				00E356F11AD99517003FC87E /* Info.plist */,
			);
			name = "Supporting Files";
			sourceTree = "<group>";
		};
		13B07FAE1A68108700A75B9A /* inventoryWiseProject */ = {
			isa = PBXGroup;
			children = (
				13B07FAF1A68108700A75B9A /* AppDelegate.h */,
				13B07FB01A68108700A75B9A /* AppDelegate.mm */,
				13B07FB51A68108700A75B9A /* Images.xcassets */,
				13B07FB61A68108700A75B9A /* Info.plist */,
				81AB9BB72411601600AC10FF /* LaunchScreen.storyboard */,
				13B07FB71A68108700A75B9A /* main.m */,
				13B07FB81A68108700A75B9A /* PrivacyInfo.xcprivacy */,
			);
			name = inventoryWiseProject;
			sourceTree = "<group>";
		};
		2D16E6871FA4F8E400B85C8A /* Frameworks */ = {
			isa = PBXGroup;
			children = (
				ED297162215061F000B7C4FE /* JavaScriptCore.framework */,
				5DCACB8F33CDC322A6C60F78 /* libPods-inventoryWiseProject.a */,
				19F6CBCC0A4E27FBF8BF4A61 /* libPods-inventoryWiseProject-inventoryWiseProjectTests.a */,
			);
			name = Frameworks;
			sourceTree = "<group>";
		};
		59765E62ABFF446698273800 /* Resources */ = {
			isa = PBXGroup;
			children = (
				7674D295A96942D1BB335909 /* Inter_18pt-Black.ttf */,
				483B1EC6A1F94D48A6CF0229 /* Inter_18pt-BlackItalic.ttf */,
				1F3C65390AE1401E9E4A5FFA /* Inter_18pt-Bold.ttf */,
				5625DE9D7DD647568FE60E0F /* Inter_18pt-BoldItalic.ttf */,
				92C2640B2BA84A4BBB81D755 /* Inter_18pt-ExtraBold.ttf */,
				199C1035CDF540E5B5D1F75C /* Inter_18pt-ExtraBoldItalic.ttf */,
				C3E43329508843B08C540175 /* Inter_18pt-ExtraLight.ttf */,
				862F7C41A4F848A4AF9A2AFF /* Inter_18pt-ExtraLightItalic.ttf */,
				61280589755A4C049BB627B8 /* Inter_18pt-Italic.ttf */,
				A06BAE343B3240658A2C2445 /* Inter_18pt-Light.ttf */,
				C1B4E8606D4D473AB14DA344 /* Inter_18pt-LightItalic.ttf */,
				83DBCAD98FCC4A9994EF0216 /* Inter_18pt-Medium.ttf */,
				7F76F768682C4D32A227B5F5 /* Inter_18pt-MediumItalic.ttf */,
				247D8A50AD334B42B67808D0 /* Inter_18pt-Regular.ttf */,
				4BEEC25231F243EAB4C649D6 /* Inter_18pt-SemiBold.ttf */,
				79BC4D54E8B6457EA148D616 /* Inter_18pt-SemiBoldItalic.ttf */,
				EA0DC732B21A4AFA89A659C4 /* Inter_18pt-Thin.ttf */,
				450B036E0B93470F9B910624 /* Inter_18pt-ThinItalic.ttf */,
				D0B3870F507341248B42859F /* Inter_24pt-Black.ttf */,
				6E2FCA15E62E47BBA6D8C99B /* Inter_24pt-BlackItalic.ttf */,
				007DFB0FB59C4B5F9FC724AC /* Inter_24pt-Bold.ttf */,
				A91E785B9D4E4A02AB1A4D49 /* Inter_24pt-BoldItalic.ttf */,
				2CBE43021AD94908BAE6ADCD /* Inter_24pt-ExtraBold.ttf */,
				9C78696E02F2448EB334C14D /* Inter_24pt-ExtraBoldItalic.ttf */,
				EA7A119231194E809B20636B /* Inter_24pt-ExtraLight.ttf */,
				56DC599E9EFD44DDAD61155C /* Inter_24pt-ExtraLightItalic.ttf */,
				813502C934EF40A6BC7DF02E /* Inter_24pt-Italic.ttf */,
				7C3793D0697348D3A8E33B9D /* Inter_24pt-Light.ttf */,
				2A958D7750A142BD9E228093 /* Inter_24pt-LightItalic.ttf */,
				4B29A3A65E394EA8953AEE20 /* Inter_24pt-Medium.ttf */,
				4DDA3A1EDA8D4B0FB90420D4 /* Inter_24pt-MediumItalic.ttf */,
				BF8392587964423EB64A4AAD /* Inter_24pt-Regular.ttf */,
				BBE7C11B23BB4153BF2318E6 /* Inter_24pt-SemiBold.ttf */,
				31DDD75329E2484A83A84430 /* Inter_24pt-SemiBoldItalic.ttf */,
				54578BFBF697436397787B6D /* Inter_24pt-Thin.ttf */,
				69F6F6D0E960441EA80691DF /* Inter_24pt-ThinItalic.ttf */,
				0863A0346F8341C8A3191429 /* Inter_28pt-Black.ttf */,
				07CB01EC53D549239FF30B81 /* Inter_28pt-BlackItalic.ttf */,
				93A5C0A17F9A471EA2ECB7CD /* Inter_28pt-Bold.ttf */,
				0DE1313EDBEB445592433ABE /* Inter_28pt-BoldItalic.ttf */,
				3925D2BA34604230B09A8079 /* Inter_28pt-ExtraBold.ttf */,
				C8E6FCA3F6A2418990EB362F /* Inter_28pt-ExtraBoldItalic.ttf */,
				8995FA09025144E29D814233 /* Inter_28pt-ExtraLight.ttf */,
				F6E2C8BFE275481E87024931 /* Inter_28pt-ExtraLightItalic.ttf */,
				B25C91721E694A1192AFEEA1 /* Inter_28pt-Italic.ttf */,
				DB802C71D51D4E85B2A43E83 /* Inter_28pt-Light.ttf */,
				F5DBEC8572B844F1B3BE28CB /* Inter_28pt-LightItalic.ttf */,
				5D083374070040B9AE94060E /* Inter_28pt-Medium.ttf */,
				FBF9974CBE874248A9610DE8 /* Inter_28pt-MediumItalic.ttf */,
				22AAA77B706D417993C1E36F /* Inter_28pt-Regular.ttf */,
				1DDFA3387B2C4563846DC4C1 /* Inter_28pt-SemiBold.ttf */,
				EA039F8428CD46B6AE36BD0B /* Inter_28pt-SemiBoldItalic.ttf */,
				5BE1DC04E39043878843B673 /* Inter_28pt-Thin.ttf */,
				C6F89C6334D946EC937D9BBF /* Inter_28pt-ThinItalic.ttf */,
				D815FE49535A440188BEBB42 /* Lato-Black.ttf */,
				3140D2EAAFAD412DADAA8524 /* Lato-BlackItalic.ttf */,
				A02B2F060BCC463E9A569143 /* Lato-Bold.ttf */,
				3A4A2D1F49A14A89836D59FB /* Lato-BoldItalic.ttf */,
				EDF94A25A3C94349BCB25015 /* Lato-Italic.ttf */,
				12E3CD6B1B394C36A1E5F9D0 /* Lato-Light.ttf */,
				80ED72C46E1948AB8BEB4300 /* Lato-LightItalic.ttf */,
				F749BF79AA624CDF8EE41453 /* Lato-Regular.ttf */,
				FD3359C0A1DB4ADD95C241FF /* Lato-ThinItalic.ttf */,
				8EAAF017A4E545479C1A778C /* PlaywriteIN-ExtraLight.ttf */,
			);
			name = Resources;
			sourceTree = "<group>";
		};
		832341AE1AAA6A7D00B99B32 /* Libraries */ = {
			isa = PBXGroup;
			children = (
			);
			name = Libraries;
			sourceTree = "<group>";
		};
		83CBB9F61A601CBA00E9B192 = {
			isa = PBXGroup;
			children = (
				13B07FAE1A68108700A75B9A /* inventoryWiseProject */,
				832341AE1AAA6A7D00B99B32 /* Libraries */,
				00E356EF1AD99517003FC87E /* inventoryWiseProjectTests */,
				83CBBA001A601CBA00E9B192 /* Products */,
				2D16E6871FA4F8E400B85C8A /* Frameworks */,
				BBD78D7AC51CEA395F1C20DB /* Pods */,
				59765E62ABFF446698273800 /* Resources */,
			);
			indentWidth = 2;
			sourceTree = "<group>";
			tabWidth = 2;
			usesTabs = 0;
		};
		83CBBA001A601CBA00E9B192 /* Products */ = {
			isa = PBXGroup;
			children = (
				13B07F961A680F5B00A75B9A /* inventoryWiseProject.app */,
				00E356EE1AD99517003FC87E /* inventoryWiseProjectTests.xctest */,
			);
			name = Products;
			sourceTree = "<group>";
		};
		BBD78D7AC51CEA395F1C20DB /* Pods */ = {
			isa = PBXGroup;
			children = (
				3B4392A12AC88292D35C810B /* Pods-inventoryWiseProject.debug.xcconfig */,
				5709B34CF0A7D63546082F79 /* Pods-inventoryWiseProject.release.xcconfig */,
				5B7EB9410499542E8C5724F5 /* Pods-inventoryWiseProject-inventoryWiseProjectTests.debug.xcconfig */,
				89C6BE57DB24E9ADA2F236DE /* Pods-inventoryWiseProject-inventoryWiseProjectTests.release.xcconfig */,
			);
			path = Pods;
			sourceTree = "<group>";
		};
/* End PBXGroup section */

/* Begin PBXNativeTarget section */
		00E356ED1AD99517003FC87E /* inventoryWiseProjectTests */ = {
			isa = PBXNativeTarget;
			buildConfigurationList = 00E357021AD99517003FC87E /* Build configuration list for PBXNativeTarget "inventoryWiseProjectTests" */;
			buildPhases = (
				A55EABD7B0C7F3A422A6CC61 /* [CP] Check Pods Manifest.lock */,
				00E356EA1AD99517003FC87E /* Sources */,
				00E356EB1AD99517003FC87E /* Frameworks */,
				00E356EC1AD99517003FC87E /* Resources */,
				C59DA0FBD6956966B86A3779 /* [CP] Embed Pods Frameworks */,
				F6A41C54EA430FDDC6A6ED99 /* [CP] Copy Pods Resources */,
			);
			buildRules = (
			);
			dependencies = (
				00E356F51AD99517003FC87E /* PBXTargetDependency */,
			);
			name = inventoryWiseProjectTests;
			productName = inventoryWiseProjectTests;
			productReference = 00E356EE1AD99517003FC87E /* inventoryWiseProjectTests.xctest */;
			productType = "com.apple.product-type.bundle.unit-test";
		};
		13B07F861A680F5B00A75B9A /* inventoryWiseProject */ = {
			isa = PBXNativeTarget;
			buildConfigurationList = 13B07F931A680F5B00A75B9A /* Build configuration list for PBXNativeTarget "inventoryWiseProject" */;
			buildPhases = (
				C38B50BA6285516D6DCD4F65 /* [CP] Check Pods Manifest.lock */,
				13B07F871A680F5B00A75B9A /* Sources */,
				13B07F8C1A680F5B00A75B9A /* Frameworks */,
				13B07F8E1A680F5B00A75B9A /* Resources */,
				00DD1BFF1BD5951E006B06BC /* Bundle React Native code and images */,
				00EEFC60759A1932668264C0 /* [CP] Embed Pods Frameworks */,
				E235C05ADACE081382539298 /* [CP] Copy Pods Resources */,
			);
			buildRules = (
			);
			dependencies = (
			);
			name = inventoryWiseProject;
			productName = inventoryWiseProject;
			productReference = 13B07F961A680F5B00A75B9A /* inventoryWiseProject.app */;
			productType = "com.apple.product-type.application";
		};
/* End PBXNativeTarget section */

/* Begin PBXProject section */
		83CBB9F71A601CBA00E9B192 /* Project object */ = {
			isa = PBXProject;
			attributes = {
				LastUpgradeCheck = 1210;
				TargetAttributes = {
					00E356ED1AD99517003FC87E = {
						CreatedOnToolsVersion = 6.2;
						TestTargetID = 13B07F861A680F5B00A75B9A;
					};
					13B07F861A680F5B00A75B9A = {
						LastSwiftMigration = 1120;
					};
				};
			};
			buildConfigurationList = 83CBB9FA1A601CBA00E9B192 /* Build configuration list for PBXProject "inventoryWiseProject" */;
			compatibilityVersion = "Xcode 12.0";
			developmentRegion = en;
			hasScannedForEncodings = 0;
			knownRegions = (
				en,
				Base,
			);
			mainGroup = 83CBB9F61A601CBA00E9B192;
			productRefGroup = 83CBBA001A601CBA00E9B192 /* Products */;
			projectDirPath = "";
			projectRoot = "";
			targets = (
				13B07F861A680F5B00A75B9A /* inventoryWiseProject */,
				00E356ED1AD99517003FC87E /* inventoryWiseProjectTests */,
			);
		};
/* End PBXProject section */

/* Begin PBXResourcesBuildPhase section */
		00E356EC1AD99517003FC87E /* Resources */ = {
			isa = PBXResourcesBuildPhase;
			buildActionMask = 2147483647;
			files = (
			);
			runOnlyForDeploymentPostprocessing = 0;
		};
		13B07F8E1A680F5B00A75B9A /* Resources */ = {
			isa = PBXResourcesBuildPhase;
			buildActionMask = 2147483647;
			files = (
				81AB9BB82411601600AC10FF /* LaunchScreen.storyboard in Resources */,
				13B07FBF1A68108700A75B9A /* Images.xcassets in Resources */,
				162EC0B9FD90C4755C4A1982 /* PrivacyInfo.xcprivacy in Resources */,
				BCD1F39E5F5046AD9EC9D205 /* Inter_18pt-Black.ttf in Resources */,
				9ADFD7E64E5D4E6A899577D3 /* Inter_18pt-BlackItalic.ttf in Resources */,
				C67C536E9C804E048D74A446 /* Inter_18pt-Bold.ttf in Resources */,
				4AC866DE4BEA4EBB8C246444 /* Inter_18pt-BoldItalic.ttf in Resources */,
				95CC3CCEF8C847B397ACC07C /* Inter_18pt-ExtraBold.ttf in Resources */,
				D4D4A4C85CDA4F1A966FE30D /* Inter_18pt-ExtraBoldItalic.ttf in Resources */,
				561744B601E640F5AB727CEE /* Inter_18pt-ExtraLight.ttf in Resources */,
				E106DFDDA65E48D2AD7AF27B /* Inter_18pt-ExtraLightItalic.ttf in Resources */,
				AAB1A51D82924A80A78D108B /* Inter_18pt-Italic.ttf in Resources */,
				10620A08123C4C2E90C458B9 /* Inter_18pt-Light.ttf in Resources */,
				2D356A032E6E4BE1AE33E150 /* Inter_18pt-LightItalic.ttf in Resources */,
				78813D8CE0DD4B088859B6D5 /* Inter_18pt-Medium.ttf in Resources */,
				A32A6528AA424D758E314245 /* Inter_18pt-MediumItalic.ttf in Resources */,
				D321A08D2B40434E89D32D74 /* Inter_18pt-Regular.ttf in Resources */,
				E230041A283D44B0BF58AC0B /* Inter_18pt-SemiBold.ttf in Resources */,
				98BA913D86344ACCACB0CFA3 /* Inter_18pt-SemiBoldItalic.ttf in Resources */,
				B19EA894D0874AC6AE329EDC /* Inter_18pt-Thin.ttf in Resources */,
				6E9E1A4BEA214565A08EC295 /* Inter_18pt-ThinItalic.ttf in Resources */,
				FE6DD9DEF26C43B895415E08 /* Inter_24pt-Black.ttf in Resources */,
				6963B268DD0F47AF8826EBF8 /* Inter_24pt-BlackItalic.ttf in Resources */,
				01209A6334C64104BD67ACD0 /* Inter_24pt-Bold.ttf in Resources */,
				F93DAEAA2CC243CC91AE45BE /* Inter_24pt-BoldItalic.ttf in Resources */,
				9F6D919605934A52BF1EDCB6 /* Inter_24pt-ExtraBold.ttf in Resources */,
				5EA14E1BE8194E9991538E61 /* Inter_24pt-ExtraBoldItalic.ttf in Resources */,
				04BF5D80B7294CF6BD7FB88A /* Inter_24pt-ExtraLight.ttf in Resources */,
				7BE7CE4BF734411EB0012C8B /* Inter_24pt-ExtraLightItalic.ttf in Resources */,
				800EBF474D3C49CF9416EE9F /* Inter_24pt-Italic.ttf in Resources */,
				791FDCCB79B6494A9BA39084 /* Inter_24pt-Light.ttf in Resources */,
				94B961BF60744ADCB2C6F7C9 /* Inter_24pt-LightItalic.ttf in Resources */,
				96C4BE784544470FBCC75ADE /* Inter_24pt-Medium.ttf in Resources */,
				FD60DEBD16474CA6968162D8 /* Inter_24pt-MediumItalic.ttf in Resources */,
				FDDBAF9CAEBE4E409E1D59DA /* Inter_24pt-Regular.ttf in Resources */,
				98E072F94AFD4A1FBA2AFA49 /* Inter_24pt-SemiBold.ttf in Resources */,
				D27ECDE1258E46D683F3F363 /* Inter_24pt-SemiBoldItalic.ttf in Resources */,
				528D3111082047C7BABC4CA8 /* Inter_24pt-Thin.ttf in Resources */,
				9834FAA4AE284FEBA08CF1B0 /* Inter_24pt-ThinItalic.ttf in Resources */,
				43D562A668594CC7AB23406B /* Inter_28pt-Black.ttf in Resources */,
				F45F8BD825C7447487F90567 /* Inter_28pt-BlackItalic.ttf in Resources */,
				CCCD778D2503493089FFF720 /* Inter_28pt-Bold.ttf in Resources */,
				5F86E3E0FEA94CCFA6B4E810 /* Inter_28pt-BoldItalic.ttf in Resources */,
				709FF8243D1E4CC8BA39733B /* Inter_28pt-ExtraBold.ttf in Resources */,
				6AC108C20A574717A8516B61 /* Inter_28pt-ExtraBoldItalic.ttf in Resources */,
				95734CF1F834429AAAD50092 /* Inter_28pt-ExtraLight.ttf in Resources */,
				1E777D46208D4423B8151F93 /* Inter_28pt-ExtraLightItalic.ttf in Resources */,
				EEB9B1A512544B939F685ADD /* Inter_28pt-Italic.ttf in Resources */,
				ABE1D2B1A31A4E41AEDE0F5D /* Inter_28pt-Light.ttf in Resources */,
				29A451338E33488A837B78F5 /* Inter_28pt-LightItalic.ttf in Resources */,
				36479B6AA8904A0F946504CD /* Inter_28pt-Medium.ttf in Resources */,
				952E0D7592EE437FAA260662 /* Inter_28pt-MediumItalic.ttf in Resources */,
				BBE833263FC847BEAE311B4F /* Inter_28pt-Regular.ttf in Resources */,
				188EC940ED794C179505A6CD /* Inter_28pt-SemiBold.ttf in Resources */,
				325CB4C0441D4DBFA124B103 /* Inter_28pt-SemiBoldItalic.ttf in Resources */,
				AE3C3B69DC97485EB1E3EDE3 /* Inter_28pt-Thin.ttf in Resources */,
				9834FE962F024DAD831953E4 /* Inter_28pt-ThinItalic.ttf in Resources */,
				BF3DBF43CD90435BBE3BA074 /* Lato-Black.ttf in Resources */,
				AB647A9FFF3E4B58A1D03F8A /* Lato-BlackItalic.ttf in Resources */,
				748743612F544243B751877B /* Lato-Bold.ttf in Resources */,
				F9F020F75A5A4ADCA4237B9F /* Lato-BoldItalic.ttf in Resources */,
				54071335A4284DE7A323E3E2 /* Lato-Italic.ttf in Resources */,
				1FB1258B51E34874BC63905A /* Lato-Light.ttf in Resources */,
				C2E4B133925C4936A1A65D3D /* Lato-LightItalic.ttf in Resources */,
				F8CBB2E258114A6EA78D4776 /* Lato-Regular.ttf in Resources */,
				A89A0240570E4E13ABFED1B5 /* Lato-ThinItalic.ttf in Resources */,
				2544234C5E844D66AA933BC1 /* PlaywriteIN-ExtraLight.ttf in Resources */,
			);
			runOnlyForDeploymentPostprocessing = 0;
		};
/* End PBXResourcesBuildPhase section */

/* Begin PBXShellScriptBuildPhase section */
		00DD1BFF1BD5951E006B06BC /* Bundle React Native code and images */ = {
			isa = PBXShellScriptBuildPhase;
			buildActionMask = 2147483647;
			files = (
			);
			inputPaths = (
				"$(SRCROOT)/.xcode.env.local",
				"$(SRCROOT)/.xcode.env",
			);
			name = "Bundle React Native code and images";
			outputPaths = (
			);
			runOnlyForDeploymentPostprocessing = 0;
			shellPath = /bin/sh;
			shellScript = "set -e\n\nWITH_ENVIRONMENT=\"$REACT_NATIVE_PATH/scripts/xcode/with-environment.sh\"\nREACT_NATIVE_XCODE=\"$REACT_NATIVE_PATH/scripts/react-native-xcode.sh\"\n\n/bin/sh -c \"$WITH_ENVIRONMENT $REACT_NATIVE_XCODE\"\n";
		};
		00EEFC60759A1932668264C0 /* [CP] Embed Pods Frameworks */ = {
			isa = PBXShellScriptBuildPhase;
			buildActionMask = 2147483647;
			files = (
			);
			inputFileListPaths = (
				"${PODS_ROOT}/Target Support Files/Pods-inventoryWiseProject/Pods-inventoryWiseProject-frameworks-${CONFIGURATION}-input-files.xcfilelist",
			);
			name = "[CP] Embed Pods Frameworks";
			outputFileListPaths = (
				"${PODS_ROOT}/Target Support Files/Pods-inventoryWiseProject/Pods-inventoryWiseProject-frameworks-${CONFIGURATION}-output-files.xcfilelist",
			);
			runOnlyForDeploymentPostprocessing = 0;
			shellPath = /bin/sh;
			shellScript = "\"${PODS_ROOT}/Target Support Files/Pods-inventoryWiseProject/Pods-inventoryWiseProject-frameworks.sh\"\n";
			showEnvVarsInLog = 0;
		};
		A55EABD7B0C7F3A422A6CC61 /* [CP] Check Pods Manifest.lock */ = {
			isa = PBXShellScriptBuildPhase;
			buildActionMask = 2147483647;
			files = (
			);
			inputFileListPaths = (
			);
			inputPaths = (
				"${PODS_PODFILE_DIR_PATH}/Podfile.lock",
				"${PODS_ROOT}/Manifest.lock",
			);
			name = "[CP] Check Pods Manifest.lock";
			outputFileListPaths = (
			);
			outputPaths = (
				"$(DERIVED_FILE_DIR)/Pods-inventoryWiseProject-inventoryWiseProjectTests-checkManifestLockResult.txt",
			);
			runOnlyForDeploymentPostprocessing = 0;
			shellPath = /bin/sh;
			shellScript = "diff \"${PODS_PODFILE_DIR_PATH}/Podfile.lock\" \"${PODS_ROOT}/Manifest.lock\" > /dev/null\nif [ $? != 0 ] ; then\n    # print error to STDERR\n    echo \"error: The sandbox is not in sync with the Podfile.lock. Run 'pod install' or update your CocoaPods installation.\" >&2\n    exit 1\nfi\n# This output is used by Xcode 'outputs' to avoid re-running this script phase.\necho \"SUCCESS\" > \"${SCRIPT_OUTPUT_FILE_0}\"\n";
			showEnvVarsInLog = 0;
		};
		C38B50BA6285516D6DCD4F65 /* [CP] Check Pods Manifest.lock */ = {
			isa = PBXShellScriptBuildPhase;
			buildActionMask = 2147483647;
			files = (
			);
			inputFileListPaths = (
			);
			inputPaths = (
				"${PODS_PODFILE_DIR_PATH}/Podfile.lock",
				"${PODS_ROOT}/Manifest.lock",
			);
			name = "[CP] Check Pods Manifest.lock";
			outputFileListPaths = (
			);
			outputPaths = (
				"$(DERIVED_FILE_DIR)/Pods-inventoryWiseProject-checkManifestLockResult.txt",
			);
			runOnlyForDeploymentPostprocessing = 0;
			shellPath = /bin/sh;
			shellScript = "diff \"${PODS_PODFILE_DIR_PATH}/Podfile.lock\" \"${PODS_ROOT}/Manifest.lock\" > /dev/null\nif [ $? != 0 ] ; then\n    # print error to STDERR\n    echo \"error: The sandbox is not in sync with the Podfile.lock. Run 'pod install' or update your CocoaPods installation.\" >&2\n    exit 1\nfi\n# This output is used by Xcode 'outputs' to avoid re-running this script phase.\necho \"SUCCESS\" > \"${SCRIPT_OUTPUT_FILE_0}\"\n";
			showEnvVarsInLog = 0;
		};
		C59DA0FBD6956966B86A3779 /* [CP] Embed Pods Frameworks */ = {
			isa = PBXShellScriptBuildPhase;
			buildActionMask = 2147483647;
			files = (
			);
			inputFileListPaths = (
				"${PODS_ROOT}/Target Support Files/Pods-inventoryWiseProject-inventoryWiseProjectTests/Pods-inventoryWiseProject-inventoryWiseProjectTests-frameworks-${CONFIGURATION}-input-files.xcfilelist",
			);
			name = "[CP] Embed Pods Frameworks";
			outputFileListPaths = (
				"${PODS_ROOT}/Target Support Files/Pods-inventoryWiseProject-inventoryWiseProjectTests/Pods-inventoryWiseProject-inventoryWiseProjectTests-frameworks-${CONFIGURATION}-output-files.xcfilelist",
			);
			runOnlyForDeploymentPostprocessing = 0;
			shellPath = /bin/sh;
			shellScript = "\"${PODS_ROOT}/Target Support Files/Pods-inventoryWiseProject-inventoryWiseProjectTests/Pods-inventoryWiseProject-inventoryWiseProjectTests-frameworks.sh\"\n";
			showEnvVarsInLog = 0;
		};
		E235C05ADACE081382539298 /* [CP] Copy Pods Resources */ = {
			isa = PBXShellScriptBuildPhase;
			buildActionMask = 2147483647;
			files = (
			);
			inputFileListPaths = (
				"${PODS_ROOT}/Target Support Files/Pods-inventoryWiseProject/Pods-inventoryWiseProject-resources-${CONFIGURATION}-input-files.xcfilelist",
			);
			name = "[CP] Copy Pods Resources";
			outputFileListPaths = (
				"${PODS_ROOT}/Target Support Files/Pods-inventoryWiseProject/Pods-inventoryWiseProject-resources-${CONFIGURATION}-output-files.xcfilelist",
			);
			runOnlyForDeploymentPostprocessing = 0;
			shellPath = /bin/sh;
			shellScript = "\"${PODS_ROOT}/Target Support Files/Pods-inventoryWiseProject/Pods-inventoryWiseProject-resources.sh\"\n";
			showEnvVarsInLog = 0;
		};
		F6A41C54EA430FDDC6A6ED99 /* [CP] Copy Pods Resources */ = {
			isa = PBXShellScriptBuildPhase;
			buildActionMask = 2147483647;
			files = (
			);
			inputFileListPaths = (
				"${PODS_ROOT}/Target Support Files/Pods-inventoryWiseProject-inventoryWiseProjectTests/Pods-inventoryWiseProject-inventoryWiseProjectTests-resources-${CONFIGURATION}-input-files.xcfilelist",
			);
			name = "[CP] Copy Pods Resources";
			outputFileListPaths = (
				"${PODS_ROOT}/Target Support Files/Pods-inventoryWiseProject-inventoryWiseProjectTests/Pods-inventoryWiseProject-inventoryWiseProjectTests-resources-${CONFIGURATION}-output-files.xcfilelist",
			);
			runOnlyForDeploymentPostprocessing = 0;
			shellPath = /bin/sh;
			shellScript = "\"${PODS_ROOT}/Target Support Files/Pods-inventoryWiseProject-inventoryWiseProjectTests/Pods-inventoryWiseProject-inventoryWiseProjectTests-resources.sh\"\n";
			showEnvVarsInLog = 0;
		};
/* End PBXShellScriptBuildPhase section */

/* Begin PBXSourcesBuildPhase section */
		00E356EA1AD99517003FC87E /* Sources */ = {
			isa = PBXSourcesBuildPhase;
			buildActionMask = 2147483647;
			files = (
				00E356F31AD99517003FC87E /* inventoryWiseProjectTests.m in Sources */,
			);
			runOnlyForDeploymentPostprocessing = 0;
		};
		13B07F871A680F5B00A75B9A /* Sources */ = {
			isa = PBXSourcesBuildPhase;
			buildActionMask = 2147483647;
			files = (
				13B07FBC1A68108700A75B9A /* AppDelegate.mm in Sources */,
				13B07FC11A68108700A75B9A /* main.m in Sources */,
			);
			runOnlyForDeploymentPostprocessing = 0;
		};
/* End PBXSourcesBuildPhase section */

/* Begin PBXTargetDependency section */
		00E356F51AD99517003FC87E /* PBXTargetDependency */ = {
			isa = PBXTargetDependency;
			target = 13B07F861A680F5B00A75B9A /* inventoryWiseProject */;
			targetProxy = 00E356F41AD99517003FC87E /* PBXContainerItemProxy */;
		};
/* End PBXTargetDependency section */

/* Begin XCBuildConfiguration section */
		00E356F61AD99517003FC87E /* Debug */ = {
			isa = XCBuildConfiguration;
			baseConfigurationReference = 5B7EB9410499542E8C5724F5 /* Pods-inventoryWiseProject-inventoryWiseProjectTests.debug.xcconfig */;
			buildSettings = {
				BUNDLE_LOADER = "$(TEST_HOST)";
				GCC_PREPROCESSOR_DEFINITIONS = (
					"DEBUG=1",
					"$(inherited)",
				);
				INFOPLIST_FILE = inventoryWiseProjectTests/Info.plist;
				IPHONEOS_DEPLOYMENT_TARGET = 15.1;
				LD_RUNPATH_SEARCH_PATHS = (
					"$(inherited)",
					"@executable_path/Frameworks",
					"@loader_path/Frameworks",
				);
				OTHER_LDFLAGS = (
					"-ObjC",
					"-lc++",
					"$(inherited)",
				);
				PRODUCT_BUNDLE_IDENTIFIER = "org.reactjs.native.example.$(PRODUCT_NAME:rfc1034identifier)";
				PRODUCT_NAME = "$(TARGET_NAME)";
				TEST_HOST = "$(BUILT_PRODUCTS_DIR)/inventoryWiseProject.app/inventoryWiseProject";
			};
			name = Debug;
		};
		00E356F71AD99517003FC87E /* Release */ = {
			isa = XCBuildConfiguration;
			baseConfigurationReference = 89C6BE57DB24E9ADA2F236DE /* Pods-inventoryWiseProject-inventoryWiseProjectTests.release.xcconfig */;
			buildSettings = {
				BUNDLE_LOADER = "$(TEST_HOST)";
				COPY_PHASE_STRIP = NO;
				INFOPLIST_FILE = inventoryWiseProjectTests/Info.plist;
				IPHONEOS_DEPLOYMENT_TARGET = 15.1;
				LD_RUNPATH_SEARCH_PATHS = (
					"$(inherited)",
					"@executable_path/Frameworks",
					"@loader_path/Frameworks",
				);
				OTHER_LDFLAGS = (
					"-ObjC",
					"-lc++",
					"$(inherited)",
				);
				PRODUCT_BUNDLE_IDENTIFIER = "org.reactjs.native.example.$(PRODUCT_NAME:rfc1034identifier)";
				PRODUCT_NAME = "$(TARGET_NAME)";
				TEST_HOST = "$(BUILT_PRODUCTS_DIR)/inventoryWiseProject.app/inventoryWiseProject";
			};
			name = Release;
		};
		13B07F941A680F5B00A75B9A /* Debug */ = {
			isa = XCBuildConfiguration;
			baseConfigurationReference = 3B4392A12AC88292D35C810B /* Pods-inventoryWiseProject.debug.xcconfig */;
			buildSettings = {
				ASSETCATALOG_COMPILER_APPICON_NAME = AppIcon;
				CLANG_ENABLE_MODULES = YES;
				CODE_SIGN_IDENTITY = "Apple Development";
				CODE_SIGN_STYLE = Automatic;
				CURRENT_PROJECT_VERSION = 2;
				DEVELOPMENT_TEAM = 28PY89923W;
				ENABLE_BITCODE = NO;
				INFOPLIST_FILE = inventoryWiseProject/Info.plist;
				INFOPLIST_KEY_CFBundleDisplayName = "Inventory Wise";
				IPHONEOS_DEPLOYMENT_TARGET = 15.1;
				LD_RUNPATH_SEARCH_PATHS = (
					"$(inherited)",
					"@executable_path/Frameworks",
				);
				MARKETING_VERSION = 1.0.01;
				OTHER_LDFLAGS = (
					"$(inherited)",
					"-ObjC",
					"-lc++",
				);
				PRODUCT_BUNDLE_IDENTIFIER = com.inventoryWise.App;
				PRODUCT_NAME = inventoryWiseProject;
				PROVISIONING_PROFILE_SPECIFIER = "";
				SUPPORTED_PLATFORMS = "iphoneos iphonesimulator";
				SUPPORTS_MACCATALYST = NO;
				SUPPORTS_MAC_DESIGNED_FOR_IPHONE_IPAD = NO;
				SUPPORTS_XR_DESIGNED_FOR_IPHONE_IPAD = NO;
				SWIFT_OPTIMIZATION_LEVEL = "-Onone";
				SWIFT_VERSION = 5.0;
				TARGETED_DEVICE_FAMILY = 1;
				VERSIONING_SYSTEM = "apple-generic";
			};
			name = Debug;
		};
		13B07F951A680F5B00A75B9A /* Release */ = {
			isa = XCBuildConfiguration;
			baseConfigurationReference = 5709B34CF0A7D63546082F79 /* Pods-inventoryWiseProject.release.xcconfig */;
			buildSettings = {
				ASSETCATALOG_COMPILER_APPICON_NAME = AppIcon;
				CLANG_ENABLE_MODULES = YES;
				CODE_SIGN_IDENTITY = "Apple Development";
				CODE_SIGN_STYLE = Automatic;
				CURRENT_PROJECT_VERSION = 2;
				DEVELOPMENT_TEAM = 28PY89923W;
				INFOPLIST_FILE = inventoryWiseProject/Info.plist;
				INFOPLIST_KEY_CFBundleDisplayName = "Inventory Wise";
				IPHONEOS_DEPLOYMENT_TARGET = 15.1;
				LD_RUNPATH_SEARCH_PATHS = (
					"$(inherited)",
					"@executable_path/Frameworks",
				);
				MARKETING_VERSION = 1.0.01;
				OTHER_LDFLAGS = (
					"$(inherited)",
					"-ObjC",
					"-lc++",
				);
				PRODUCT_BUNDLE_IDENTIFIER = com.inventoryWise.App;
				PRODUCT_NAME = inventoryWiseProject;
				PROVISIONING_PROFILE_SPECIFIER = "";
				SUPPORTED_PLATFORMS = "iphoneos iphonesimulator";
				SUPPORTS_MACCATALYST = NO;
				SUPPORTS_MAC_DESIGNED_FOR_IPHONE_IPAD = NO;
				SUPPORTS_XR_DESIGNED_FOR_IPHONE_IPAD = NO;
				SWIFT_VERSION = 5.0;
				TARGETED_DEVICE_FAMILY = 1;
				VERSIONING_SYSTEM = "apple-generic";
			};
			name = Release;
		};
		83CBBA201A601CBA00E9B192 /* Debug */ = {
			isa = XCBuildConfiguration;
			buildSettings = {
				ALWAYS_SEARCH_USER_PATHS = NO;
				CLANG_ANALYZER_LOCALIZABILITY_NONLOCALIZED = YES;
				CLANG_CXX_LANGUAGE_STANDARD = "c++20";
				CLANG_CXX_LIBRARY = "libc++";
				CLANG_ENABLE_MODULES = YES;
				CLANG_ENABLE_OBJC_ARC = YES;
				CLANG_WARN_BLOCK_CAPTURE_AUTORELEASING = YES;
				CLANG_WARN_BOOL_CONVERSION = YES;
				CLANG_WARN_COMMA = YES;
				CLANG_WARN_CONSTANT_CONVERSION = YES;
				CLANG_WARN_DEPRECATED_OBJC_IMPLEMENTATIONS = YES;
				CLANG_WARN_DIRECT_OBJC_ISA_USAGE = YES_ERROR;
				CLANG_WARN_EMPTY_BODY = YES;
				CLANG_WARN_ENUM_CONVERSION = YES;
				CLANG_WARN_INFINITE_RECURSION = YES;
				CLANG_WARN_INT_CONVERSION = YES;
				CLANG_WARN_NON_LITERAL_NULL_CONVERSION = YES;
				CLANG_WARN_OBJC_IMPLICIT_RETAIN_SELF = YES;
				CLANG_WARN_OBJC_LITERAL_CONVERSION = YES;
				CLANG_WARN_OBJC_ROOT_CLASS = YES_ERROR;
				CLANG_WARN_QUOTED_INCLUDE_IN_FRAMEWORK_HEADER = YES;
				CLANG_WARN_RANGE_LOOP_ANALYSIS = YES;
				CLANG_WARN_STRICT_PROTOTYPES = YES;
				CLANG_WARN_SUSPICIOUS_MOVE = YES;
				CLANG_WARN_UNREACHABLE_CODE = YES;
				CLANG_WARN__DUPLICATE_METHOD_MATCH = YES;
				"CODE_SIGN_IDENTITY[sdk=iphoneos*]" = "iPhone Developer";
				COPY_PHASE_STRIP = NO;
				ENABLE_STRICT_OBJC_MSGSEND = YES;
				ENABLE_TESTABILITY = YES;
				"EXCLUDED_ARCHS[sdk=iphonesimulator*]" = "";
				GCC_C_LANGUAGE_STANDARD = gnu99;
				GCC_DYNAMIC_NO_PIC = NO;
				GCC_NO_COMMON_BLOCKS = YES;
				GCC_OPTIMIZATION_LEVEL = 0;
				GCC_PREPROCESSOR_DEFINITIONS = (
					"DEBUG=1",
					"$(inherited)",
				);
				GCC_SYMBOLS_PRIVATE_EXTERN = NO;
				GCC_WARN_64_TO_32_BIT_CONVERSION = YES;
				GCC_WARN_ABOUT_RETURN_TYPE = YES_ERROR;
				GCC_WARN_UNDECLARED_SELECTOR = YES;
				GCC_WARN_UNINITIALIZED_AUTOS = YES_AGGRESSIVE;
				GCC_WARN_UNUSED_FUNCTION = YES;
				GCC_WARN_UNUSED_VARIABLE = YES;
				IPHONEOS_DEPLOYMENT_TARGET = 15.1;
				LD_RUNPATH_SEARCH_PATHS = (
					/usr/lib/swift,
					"$(inherited)",
				);
				LIBRARY_SEARCH_PATHS = (
					"\"$(SDKROOT)/usr/lib/swift\"",
					"\"$(TOOLCHAIN_DIR)/usr/lib/swift/$(PLATFORM_NAME)\"",
					"\"$(inherited)\"",
				);
				MTL_ENABLE_DEBUG_INFO = YES;
				ONLY_ACTIVE_ARCH = YES;
				OTHER_CPLUSPLUSFLAGS = (
					"$(OTHER_CFLAGS)",
					"-DFOLLY_NO_CONFIG",
					"-DFOLLY_MOBILE=1",
					"-DFOLLY_USE_LIBCPP=1",
					"-DFOLLY_CFG_NO_COROUTINES=1",
					"-DFOLLY_HAVE_CLOCK_GETTIME=1",
				);
				OTHER_LDFLAGS = "$(inherited)  ";
				REACT_NATIVE_PATH = "${PODS_ROOT}/../../node_modules/react-native";
				SDKROOT = iphoneos;
				SWIFT_ACTIVE_COMPILATION_CONDITIONS = "$(inherited) DEBUG";
				USE_HERMES = true;
			};
			name = Debug;
		};
		83CBBA211A601CBA00E9B192 /* Release */ = {
			isa = XCBuildConfiguration;
			buildSettings = {
				ALWAYS_SEARCH_USER_PATHS = NO;
				CLANG_ANALYZER_LOCALIZABILITY_NONLOCALIZED = YES;
				CLANG_CXX_LANGUAGE_STANDARD = "c++20";
				CLANG_CXX_LIBRARY = "libc++";
				CLANG_ENABLE_MODULES = YES;
				CLANG_ENABLE_OBJC_ARC = YES;
				CLANG_WARN_BLOCK_CAPTURE_AUTORELEASING = YES;
				CLANG_WARN_BOOL_CONVERSION = YES;
				CLANG_WARN_COMMA = YES;
				CLANG_WARN_CONSTANT_CONVERSION = YES;
				CLANG_WARN_DEPRECATED_OBJC_IMPLEMENTATIONS = YES;
				CLANG_WARN_DIRECT_OBJC_ISA_USAGE = YES_ERROR;
				CLANG_WARN_EMPTY_BODY = YES;
				CLANG_WARN_ENUM_CONVERSION = YES;
				CLANG_WARN_INFINITE_RECURSION = YES;
				CLANG_WARN_INT_CONVERSION = YES;
				CLANG_WARN_NON_LITERAL_NULL_CONVERSION = YES;
				CLANG_WARN_OBJC_IMPLICIT_RETAIN_SELF = YES;
				CLANG_WARN_OBJC_LITERAL_CONVERSION = YES;
				CLANG_WARN_OBJC_ROOT_CLASS = YES_ERROR;
				CLANG_WARN_QUOTED_INCLUDE_IN_FRAMEWORK_HEADER = YES;
				CLANG_WARN_RANGE_LOOP_ANALYSIS = YES;
				CLANG_WARN_STRICT_PROTOTYPES = YES;
				CLANG_WARN_SUSPICIOUS_MOVE = YES;
				CLANG_WARN_UNREACHABLE_CODE = YES;
				CLANG_WARN__DUPLICATE_METHOD_MATCH = YES;
				"CODE_SIGN_IDENTITY[sdk=iphoneos*]" = "iPhone Developer";
				COPY_PHASE_STRIP = YES;
				ENABLE_NS_ASSERTIONS = NO;
				ENABLE_STRICT_OBJC_MSGSEND = YES;
				"EXCLUDED_ARCHS[sdk=iphonesimulator*]" = "";
				GCC_C_LANGUAGE_STANDARD = gnu99;
				GCC_NO_COMMON_BLOCKS = YES;
				GCC_WARN_64_TO_32_BIT_CONVERSION = YES;
				GCC_WARN_ABOUT_RETURN_TYPE = YES_ERROR;
				GCC_WARN_UNDECLARED_SELECTOR = YES;
				GCC_WARN_UNINITIALIZED_AUTOS = YES_AGGRESSIVE;
				GCC_WARN_UNUSED_FUNCTION = YES;
				GCC_WARN_UNUSED_VARIABLE = YES;
				IPHONEOS_DEPLOYMENT_TARGET = 15.1;
				LD_RUNPATH_SEARCH_PATHS = (
					/usr/lib/swift,
					"$(inherited)",
				);
				LIBRARY_SEARCH_PATHS = (
					"\"$(SDKROOT)/usr/lib/swift\"",
					"\"$(TOOLCHAIN_DIR)/usr/lib/swift/$(PLATFORM_NAME)\"",
					"\"$(inherited)\"",
				);
				MTL_ENABLE_DEBUG_INFO = NO;
				OTHER_CPLUSPLUSFLAGS = (
					"$(OTHER_CFLAGS)",
					"-DFOLLY_NO_CONFIG",
					"-DFOLLY_MOBILE=1",
					"-DFOLLY_USE_LIBCPP=1",
					"-DFOLLY_CFG_NO_COROUTINES=1",
					"-DFOLLY_HAVE_CLOCK_GETTIME=1",
				);
				OTHER_LDFLAGS = "$(inherited)  ";
				REACT_NATIVE_PATH = "${PODS_ROOT}/../../node_modules/react-native";
				SDKROOT = iphoneos;
				USE_HERMES = true;
				VALIDATE_PRODUCT = YES;
			};
			name = Release;
		};
/* End XCBuildConfiguration section */

/* Begin XCConfigurationList section */
		00E357021AD99517003FC87E /* Build configuration list for PBXNativeTarget "inventoryWiseProjectTests" */ = {
			isa = XCConfigurationList;
			buildConfigurations = (
				00E356F61AD99517003FC87E /* Debug */,
				00E356F71AD99517003FC87E /* Release */,
			);
			defaultConfigurationIsVisible = 0;
			defaultConfigurationName = Release;
		};
		13B07F931A680F5B00A75B9A /* Build configuration list for PBXNativeTarget "inventoryWiseProject" */ = {
			isa = XCConfigurationList;
			buildConfigurations = (
				13B07F941A680F5B00A75B9A /* Debug */,
				13B07F951A680F5B00A75B9A /* Release */,
			);
			defaultConfigurationIsVisible = 0;
			defaultConfigurationName = Release;
		};
		83CBB9FA1A601CBA00E9B192 /* Build configuration list for PBXProject "inventoryWiseProject" */ = {
			isa = XCConfigurationList;
			buildConfigurations = (
				83CBBA201A601CBA00E9B192 /* Debug */,
				83CBBA211A601CBA00E9B192 /* Release */,
			);
			defaultConfigurationIsVisible = 0;
			defaultConfigurationName = Release;
		};
/* End XCConfigurationList section */
	};
	rootObject = 83CBB9F71A601CBA00E9B192 /* Project object */;
}
